// !$*UTF8*$!
{
	archiveVersion = 1;
	classes = {
	};
	objectVersion = 52;
	objects = {

/* Begin PBXBuildFile section */
		1B66A576265BE429009BAF68 /* MovieScreenView.swift in Sources */ = {isa = PBXBuildFile; fileRef = 1B66A575265BE429009BAF68 /* MovieScreenView.swift */; };
		1B6D5860265BCC38003EB11E /* VideoPlayer in Frameworks */ = {isa = PBXBuildFile; productRef = 1B6D585F265BCC38003EB11E /* VideoPlayer */; };
		1B6D5863265BCD42003EB11E /* EpisodesModel.swift in Sources */ = {isa = PBXBuildFile; fileRef = 1B6D5862265BCD42003EB11E /* EpisodesModel.swift */; };
		1B6D5866265BCE2C003EB11E /* Episodes.swift in Sources */ = {isa = PBXBuildFile; fileRef = 1B6D5865265BCE2C003EB11E /* Episodes.swift */; };
		1BDA7E29265BADAA003A54AD /* UserModel.swift in Sources */ = {isa = PBXBuildFile; fileRef = 1BDA7E28265BADAA003A54AD /* UserModel.swift */; };
		1BDA7E2F265BAEBD003A54AD /* Register.swift in Sources */ = {isa = PBXBuildFile; fileRef = 1BDA7E2E265BAEBD003A54AD /* Register.swift */; };
		1BDA7E32265BB4A3003A54AD /* MovieModel.swift in Sources */ = {isa = PBXBuildFile; fileRef = 1BDA7E31265BB4A3003A54AD /* MovieModel.swift */; };
		1BDA7E35265BB503003A54AD /* Movie.swift in Sources */ = {isa = PBXBuildFile; fileRef = 1BDA7E34265BB503003A54AD /* Movie.swift */; };
		1BDA7E38265BB61F003A54AD /* MainView.swift in Sources */ = {isa = PBXBuildFile; fileRef = 1BDA7E37265BB61F003A54AD /* MainView.swift */; };
		1BDA7E3B265BB9A9003A54AD /* TabBarView.swift in Sources */ = {isa = PBXBuildFile; fileRef = 1BDA7E3A265BB9A9003A54AD /* TabBarView.swift */; };
		1BEA484E265B9D9200AE742F /* CinemaApp.swift in Sources */ = {isa = PBXBuildFile; fileRef = 1BEA484D265B9D9200AE742F /* CinemaApp.swift */; };
		1BEA4855265B9D9300AE742F /* Preview Assets.xcassets in Resources */ = {isa = PBXBuildFile; fileRef = 1BEA4854265B9D9300AE742F /* Preview Assets.xcassets */; };
		1BEA4861265B9DFF00AE742F /* Launch Screen.storyboard in Resources */ = {isa = PBXBuildFile; fileRef = 1BEA4860265B9DFF00AE742F /* Launch Screen.storyboard */; };
		1BEA4866265B9F6E00AE742F /* SignInView.swift in Sources */ = {isa = PBXBuildFile; fileRef = 1BEA4865265B9F6E00AE742F /* SignInView.swift */; };
		1BEA4869265BA41D00AE742F /* RootView.swift in Sources */ = {isa = PBXBuildFile; fileRef = 1BEA4868265BA41D00AE742F /* RootView.swift */; };
		1BEA486C265BA48D00AE742F /* SignUpView.swift in Sources */ = {isa = PBXBuildFile; fileRef = 1BEA486B265BA48D00AE742F /* SignUpView.swift */; };
		1BEA4879265BA7B100AE742F /* Assets.xcassets in Resources */ = {isa = PBXBuildFile; fileRef = 1BEA4878265BA7B100AE742F /* Assets.xcassets */; };
		1BEA4890265BA96000AE742F /* LoginViewModel.swift in Sources */ = {isa = PBXBuildFile; fileRef = 1BEA488F265BA96000AE742F /* LoginViewModel.swift */; };
		1BFD5450265BDA49003E6B91 /* CoverModel.swift in Sources */ = {isa = PBXBuildFile; fileRef = 1BFD544F265BDA49003E6B91 /* CoverModel.swift */; };
		1BFD5453265BDA72003E6B91 /* Cover.swift in Sources */ = {isa = PBXBuildFile; fileRef = 1BFD5452265BDA72003E6B91 /* Cover.swift */; };
		52A5E1C12741369F0058241A /* Realm in Frameworks */ = {isa = PBXBuildFile; productRef = 52A5E1C02741369F0058241A /* Realm */; };
		52A5E1C32741369F0058241A /* RealmSwift in Frameworks */ = {isa = PBXBuildFile; productRef = 52A5E1C22741369F0058241A /* RealmSwift */; };
		52A5E1C5274136C80058241A /* СollectionView.swift in Sources */ = {isa = PBXBuildFile; fileRef = 52A5E1C4274136C80058241A /* СollectionView.swift */; };
		52A5E1C7274137300058241A /* CollectionModel.swift in Sources */ = {isa = PBXBuildFile; fileRef = 52A5E1C6274137300058241A /* CollectionModel.swift */; };
		52A5E1C927413AE80058241A /* CustomTextFields.swift in Sources */ = {isa = PBXBuildFile; fileRef = 52A5E1C827413AE80058241A /* CustomTextFields.swift */; };
		52A5E1CB27413E980058241A /* AddCollectionView.swift in Sources */ = {isa = PBXBuildFile; fileRef = 52A5E1CA27413E980058241A /* AddCollectionView.swift */; };
		52A5E1CD27413EC40058241A /* AddImageView.swift in Sources */ = {isa = PBXBuildFile; fileRef = 52A5E1CC27413EC40058241A /* AddImageView.swift */; };
		52A5E1CF274145160058241A /* ProfileView.swift in Sources */ = {isa = PBXBuildFile; fileRef = 52A5E1CE274145160058241A /* ProfileView.swift */; };
		52A5E1D1274145490058241A /* Profile.swift in Sources */ = {isa = PBXBuildFile; fileRef = 52A5E1D0274145490058241A /* Profile.swift */; };
		52A5E1D32741457C0058241A /* ProfileModel.swift in Sources */ = {isa = PBXBuildFile; fileRef = 52A5E1D22741457C0058241A /* ProfileModel.swift */; };
		52A5E1D5274147B30058241A /* Gallery.swift in Sources */ = {isa = PBXBuildFile; fileRef = 52A5E1D4274147B30058241A /* Gallery.swift */; };
		52A5E1D72741488D0058241A /* ChangeAvatar.swift in Sources */ = {isa = PBXBuildFile; fileRef = 52A5E1D62741488D0058241A /* ChangeAvatar.swift */; };
		A53B57B1265C2004006FACF1 /* CurrentMovie.swift in Sources */ = {isa = PBXBuildFile; fileRef = A53B57B0265C2004006FACF1 /* CurrentMovie.swift */; };
		B92E00DF2017D3334C343B39 /* Pods_Cinema.framework in Frameworks */ = {isa = PBXBuildFile; fileRef = 1D13AFB3DDB47DCB0C871F86 /* Pods_Cinema.framework */; };
/* End PBXBuildFile section */

/* Begin PBXFileReference section */
		1B66A575265BE429009BAF68 /* MovieScreenView.swift */ = {isa = PBXFileReference; lastKnownFileType = sourcecode.swift; path = MovieScreenView.swift; sourceTree = "<group>"; };
		1B6D5862265BCD42003EB11E /* EpisodesModel.swift */ = {isa = PBXFileReference; lastKnownFileType = sourcecode.swift; path = EpisodesModel.swift; sourceTree = "<group>"; };
		1B6D5865265BCE2C003EB11E /* Episodes.swift */ = {isa = PBXFileReference; lastKnownFileType = sourcecode.swift; path = Episodes.swift; sourceTree = "<group>"; };
		1BDA7E28265BADAA003A54AD /* UserModel.swift */ = {isa = PBXFileReference; lastKnownFileType = sourcecode.swift; path = UserModel.swift; sourceTree = "<group>"; };
		1BDA7E2E265BAEBD003A54AD /* Register.swift */ = {isa = PBXFileReference; lastKnownFileType = sourcecode.swift; path = Register.swift; sourceTree = "<group>"; };
		1BDA7E31265BB4A3003A54AD /* MovieModel.swift */ = {isa = PBXFileReference; lastKnownFileType = sourcecode.swift; path = MovieModel.swift; sourceTree = "<group>"; };
		1BDA7E34265BB503003A54AD /* Movie.swift */ = {isa = PBXFileReference; lastKnownFileType = sourcecode.swift; path = Movie.swift; sourceTree = "<group>"; };
		1BDA7E37265BB61F003A54AD /* MainView.swift */ = {isa = PBXFileReference; lastKnownFileType = sourcecode.swift; path = MainView.swift; sourceTree = "<group>"; };
		1BDA7E3A265BB9A9003A54AD /* TabBarView.swift */ = {isa = PBXFileReference; lastKnownFileType = sourcecode.swift; path = TabBarView.swift; sourceTree = "<group>"; };
		1BEA484A265B9D9200AE742F /* Cinema.app */ = {isa = PBXFileReference; explicitFileType = wrapper.application; includeInIndex = 0; path = Cinema.app; sourceTree = BUILT_PRODUCTS_DIR; };
		1BEA484D265B9D9200AE742F /* CinemaApp.swift */ = {isa = PBXFileReference; lastKnownFileType = sourcecode.swift; path = CinemaApp.swift; sourceTree = "<group>"; };
		1BEA4854265B9D9300AE742F /* Preview Assets.xcassets */ = {isa = PBXFileReference; lastKnownFileType = folder.assetcatalog; path = "Preview Assets.xcassets"; sourceTree = "<group>"; };
		1BEA4856265B9D9300AE742F /* Info.plist */ = {isa = PBXFileReference; lastKnownFileType = text.plist.xml; path = Info.plist; sourceTree = "<group>"; };
		1BEA4860265B9DFF00AE742F /* Launch Screen.storyboard */ = {isa = PBXFileReference; lastKnownFileType = file.storyboard; path = "Launch Screen.storyboard"; sourceTree = "<group>"; };
		1BEA4865265B9F6E00AE742F /* SignInView.swift */ = {isa = PBXFileReference; lastKnownFileType = sourcecode.swift; path = SignInView.swift; sourceTree = "<group>"; };
		1BEA4868265BA41D00AE742F /* RootView.swift */ = {isa = PBXFileReference; lastKnownFileType = sourcecode.swift; path = RootView.swift; sourceTree = "<group>"; };
		1BEA486B265BA48D00AE742F /* SignUpView.swift */ = {isa = PBXFileReference; lastKnownFileType = sourcecode.swift; path = SignUpView.swift; sourceTree = "<group>"; };
		1BEA4878265BA7B100AE742F /* Assets.xcassets */ = {isa = PBXFileReference; lastKnownFileType = folder.assetcatalog; path = Assets.xcassets; sourceTree = "<group>"; };
		1BEA488F265BA96000AE742F /* LoginViewModel.swift */ = {isa = PBXFileReference; lastKnownFileType = sourcecode.swift; path = LoginViewModel.swift; sourceTree = "<group>"; };
		1BFD544F265BDA49003E6B91 /* CoverModel.swift */ = {isa = PBXFileReference; lastKnownFileType = sourcecode.swift; path = CoverModel.swift; sourceTree = "<group>"; };
		1BFD5452265BDA72003E6B91 /* Cover.swift */ = {isa = PBXFileReference; lastKnownFileType = sourcecode.swift; path = Cover.swift; sourceTree = "<group>"; };
		1D13AFB3DDB47DCB0C871F86 /* Pods_Cinema.framework */ = {isa = PBXFileReference; explicitFileType = wrapper.framework; includeInIndex = 0; path = Pods_Cinema.framework; sourceTree = BUILT_PRODUCTS_DIR; };
		52A5E1C4274136C80058241A /* СollectionView.swift */ = {isa = PBXFileReference; lastKnownFileType = sourcecode.swift; path = "СollectionView.swift"; sourceTree = "<group>"; };
		52A5E1C6274137300058241A /* CollectionModel.swift */ = {isa = PBXFileReference; lastKnownFileType = sourcecode.swift; path = CollectionModel.swift; sourceTree = "<group>"; };
		52A5E1C827413AE80058241A /* CustomTextFields.swift */ = {isa = PBXFileReference; lastKnownFileType = sourcecode.swift; path = CustomTextFields.swift; sourceTree = "<group>"; };
		52A5E1CA27413E980058241A /* AddCollectionView.swift */ = {isa = PBXFileReference; lastKnownFileType = sourcecode.swift; path = AddCollectionView.swift; sourceTree = "<group>"; };
		52A5E1CC27413EC40058241A /* AddImageView.swift */ = {isa = PBXFileReference; lastKnownFileType = sourcecode.swift; path = AddImageView.swift; sourceTree = "<group>"; };
		52A5E1CE274145160058241A /* ProfileView.swift */ = {isa = PBXFileReference; lastKnownFileType = sourcecode.swift; path = ProfileView.swift; sourceTree = "<group>"; };
		52A5E1D0274145490058241A /* Profile.swift */ = {isa = PBXFileReference; lastKnownFileType = sourcecode.swift; path = Profile.swift; sourceTree = "<group>"; };
		52A5E1D22741457C0058241A /* ProfileModel.swift */ = {isa = PBXFileReference; lastKnownFileType = sourcecode.swift; path = ProfileModel.swift; sourceTree = "<group>"; };
		52A5E1D4274147B30058241A /* Gallery.swift */ = {isa = PBXFileReference; lastKnownFileType = sourcecode.swift; path = Gallery.swift; sourceTree = "<group>"; };
		52A5E1D62741488D0058241A /* ChangeAvatar.swift */ = {isa = PBXFileReference; lastKnownFileType = sourcecode.swift; path = ChangeAvatar.swift; sourceTree = "<group>"; };
		5AB728F954E3D27141A6D985 /* Pods-Cinema.release.xcconfig */ = {isa = PBXFileReference; includeInIndex = 1; lastKnownFileType = text.xcconfig; name = "Pods-Cinema.release.xcconfig"; path = "Target Support Files/Pods-Cinema/Pods-Cinema.release.xcconfig"; sourceTree = "<group>"; };
		7735A2AA04E3DFF35A9958BE /* Pods-Cinema.debug.xcconfig */ = {isa = PBXFileReference; includeInIndex = 1; lastKnownFileType = text.xcconfig; name = "Pods-Cinema.debug.xcconfig"; path = "Target Support Files/Pods-Cinema/Pods-Cinema.debug.xcconfig"; sourceTree = "<group>"; };
		A53B57B0265C2004006FACF1 /* CurrentMovie.swift */ = {isa = PBXFileReference; lastKnownFileType = sourcecode.swift; path = CurrentMovie.swift; sourceTree = "<group>"; };
/* End PBXFileReference section */

/* Begin PBXFrameworksBuildPhase section */
		1BEA4847265B9D9200AE742F /* Frameworks */ = {
			isa = PBXFrameworksBuildPhase;
			buildActionMask = 2147483647;
			files = (
				52A5E1C32741369F0058241A /* RealmSwift in Frameworks */,
				52A5E1C12741369F0058241A /* Realm in Frameworks */,
				B92E00DF2017D3334C343B39 /* Pods_Cinema.framework in Frameworks */,
				1B6D5860265BCC38003EB11E /* VideoPlayer in Frameworks */,
			);
			runOnlyForDeploymentPostprocessing = 0;
		};
/* End PBXFrameworksBuildPhase section */

/* Begin PBXGroup section */
		1BEA4841265B9D9200AE742F = {
			isa = PBXGroup;
			children = (
				1BEA484C265B9D9200AE742F /* Cinema */,
				1BEA484B265B9D9200AE742F /* Products */,
				80B28AAE4FBBB6F133D806A2 /* Pods */,
				45B10DAC1F0725D0EC88538A /* Frameworks */,
			);
			sourceTree = "<group>";
		};
		1BEA484B265B9D9200AE742F /* Products */ = {
			isa = PBXGroup;
			children = (
				1BEA484A265B9D9200AE742F /* Cinema.app */,
			);
			name = Products;
			sourceTree = "<group>";
		};
		1BEA484C265B9D9200AE742F /* Cinema */ = {
			isa = PBXGroup;
			children = (
				52A5E1E9274266E20058241A /* Common */,
				52A5E1E02742653F0058241A /* Root */,
				1BEA4853265B9D9300AE742F /* Preview Content */,
			);
			path = Cinema;
			sourceTree = "<group>";
		};
		1BEA4853265B9D9300AE742F /* Preview Content */ = {
			isa = PBXGroup;
			children = (
				1BEA4854265B9D9300AE742F /* Preview Assets.xcassets */,
			);
			path = "Preview Content";
			sourceTree = "<group>";
		};
		45B10DAC1F0725D0EC88538A /* Frameworks */ = {
			isa = PBXGroup;
			children = (
				1D13AFB3DDB47DCB0C871F86 /* Pods_Cinema.framework */,
			);
			name = Frameworks;
			sourceTree = "<group>";
		};
		52A5E1D8274263200058241A /*  Authorization */ = {
			isa = PBXGroup;
			children = (
				1BEA4865265B9F6E00AE742F /* SignInView.swift */,
				1BEA488F265BA96000AE742F /* LoginViewModel.swift */,
			);
			path = " Authorization";
			sourceTree = "<group>";
		};
		52A5E1D9274263F40058241A /* Registration */ = {
			isa = PBXGroup;
			children = (
				1BEA486B265BA48D00AE742F /* SignUpView.swift */,
				1BDA7E2E265BAEBD003A54AD /* Register.swift */,
			);
			path = Registration;
			sourceTree = "<group>";
		};
		52A5E1DA274264320058241A /* Main */ = {
			isa = PBXGroup;
			children = (
				52A5E1DE274264E20058241A /* ViewModel */,
				52A5E1DC274264BE0058241A /* View */,
				52A5E1DD274264D10058241A /* Model */,
			);
			path = Main;
			sourceTree = "<group>";
		};
		52A5E1DB2742645A0058241A /* Сontrol Screen */ = {
			isa = PBXGroup;
			children = (
				1BDA7E3A265BB9A9003A54AD /* TabBarView.swift */,
				52A5E1DA274264320058241A /* Main */,
				52A5E1DF274265140058241A /* Collection */,
				52A5E1E4274265FF0058241A /* Profile */,
			);
			path = "Сontrol Screen";
			sourceTree = "<group>";
		};
		52A5E1DC274264BE0058241A /* View */ = {
			isa = PBXGroup;
			children = (
				1BDA7E37265BB61F003A54AD /* MainView.swift */,
				1B66A575265BE429009BAF68 /* MovieScreenView.swift */,
			);
			path = View;
			sourceTree = "<group>";
		};
		52A5E1DD274264D10058241A /* Model */ = {
			isa = PBXGroup;
			children = (
				1BDA7E31265BB4A3003A54AD /* MovieModel.swift */,
				1BFD544F265BDA49003E6B91 /* CoverModel.swift */,
				1B6D5862265BCD42003EB11E /* EpisodesModel.swift */,
			);
			path = Model;
			sourceTree = "<group>";
		};
		52A5E1DE274264E20058241A /* ViewModel */ = {
			isa = PBXGroup;
			children = (
				1BFD5452265BDA72003E6B91 /* Cover.swift */,
				A53B57B0265C2004006FACF1 /* CurrentMovie.swift */,
				1B6D5865265BCE2C003EB11E /* Episodes.swift */,
				1BDA7E34265BB503003A54AD /* Movie.swift */,
			);
			path = ViewModel;
			sourceTree = "<group>";
		};
		52A5E1DF274265140058241A /* Collection */ = {
			isa = PBXGroup;
			children = (
				52A5E1E1274265AB0058241A /* View */,
				52A5E1E3274265C90058241A /* Model */,
			);
			path = Collection;
			sourceTree = "<group>";
		};
		52A5E1E02742653F0058241A /* Root */ = {
			isa = PBXGroup;
			children = (
				1BEA4868265BA41D00AE742F /* RootView.swift */,
				52A5E1C827413AE80058241A /* CustomTextFields.swift */,
				52A5E1D8274263200058241A /*  Authorization */,
				52A5E1D9274263F40058241A /* Registration */,
				52A5E1DB2742645A0058241A /* Сontrol Screen */,
			);
			path = Root;
			sourceTree = "<group>";
		};
		52A5E1E1274265AB0058241A /* View */ = {
			isa = PBXGroup;
			children = (
				52A5E1C4274136C80058241A /* СollectionView.swift */,
				52A5E1CA27413E980058241A /* AddCollectionView.swift */,
				52A5E1CC27413EC40058241A /* AddImageView.swift */,
			);
			path = View;
			sourceTree = "<group>";
		};
		52A5E1E3274265C90058241A /* Model */ = {
			isa = PBXGroup;
			children = (
				52A5E1C6274137300058241A /* CollectionModel.swift */,
			);
			path = Model;
			sourceTree = "<group>";
		};
		52A5E1E4274265FF0058241A /* Profile */ = {
			isa = PBXGroup;
			children = (
				52A5E1E82742669F0058241A /* ViewModel */,
				52A5E1E7274266390058241A /* Model */,
				52A5E1E6274266220058241A /* View */,
			);
			name = Profile;
			path = Collection;
			sourceTree = "<group>";
		};
		52A5E1E6274266220058241A /* View */ = {
			isa = PBXGroup;
			children = (
				52A5E1CE274145160058241A /* ProfileView.swift */,
				52A5E1D4274147B30058241A /* Gallery.swift */,
			);
			name = View;
			sourceTree = "<group>";
		};
		52A5E1E7274266390058241A /* Model */ = {
			isa = PBXGroup;
			children = (
				1BDA7E28265BADAA003A54AD /* UserModel.swift */,
				52A5E1D22741457C0058241A /* ProfileModel.swift */,
			);
			name = Model;
			sourceTree = "<group>";
		};
		52A5E1E82742669F0058241A /* ViewModel */ = {
			isa = PBXGroup;
			children = (
				52A5E1D0274145490058241A /* Profile.swift */,
				52A5E1D62741488D0058241A /* ChangeAvatar.swift */,
			);
			path = ViewModel;
			sourceTree = "<group>";
		};
		52A5E1E9274266E20058241A /* Common */ = {
			isa = PBXGroup;
			children = (
				1BEA484D265B9D9200AE742F /* CinemaApp.swift */,
				1BEA4878265BA7B100AE742F /* Assets.xcassets */,
				1BEA4860265B9DFF00AE742F /* Launch Screen.storyboard */,
				1BEA4856265B9D9300AE742F /* Info.plist */,
			);
			path = Common;
			sourceTree = "<group>";
		};
		80B28AAE4FBBB6F133D806A2 /* Pods */ = {
			isa = PBXGroup;
			children = (
				7735A2AA04E3DFF35A9958BE /* Pods-Cinema.debug.xcconfig */,
				5AB728F954E3D27141A6D985 /* Pods-Cinema.release.xcconfig */,
			);
			path = Pods;
			sourceTree = "<group>";
		};
/* End PBXGroup section */

/* Begin PBXNativeTarget section */
		1BEA4849265B9D9200AE742F /* Cinema */ = {
			isa = PBXNativeTarget;
			buildConfigurationList = 1BEA4859265B9D9300AE742F /* Build configuration list for PBXNativeTarget "Cinema" */;
			buildPhases = (
				778268602FE68F3250A543EC /* [CP] Check Pods Manifest.lock */,
				1BEA4846265B9D9200AE742F /* Sources */,
				1BEA4847265B9D9200AE742F /* Frameworks */,
				1BEA4848265B9D9200AE742F /* Resources */,
				012237A931787E7E425F2EE2 /* [CP] Embed Pods Frameworks */,
			);
			buildRules = (
			);
			dependencies = (
			);
			name = Cinema;
			packageProductDependencies = (
				1B6D585F265BCC38003EB11E /* VideoPlayer */,
				52A5E1C02741369F0058241A /* Realm */,
				52A5E1C22741369F0058241A /* RealmSwift */,
			);
			productName = Cinema;
			productReference = 1BEA484A265B9D9200AE742F /* Cinema.app */;
			productType = "com.apple.product-type.application";
		};
/* End PBXNativeTarget section */

/* Begin PBXProject section */
		1BEA4842265B9D9200AE742F /* Project object */ = {
			isa = PBXProject;
			attributes = {
				LastSwiftUpdateCheck = 1240;
				LastUpgradeCheck = 1240;
				TargetAttributes = {
					1BEA4849265B9D9200AE742F = {
						CreatedOnToolsVersion = 12.4;
					};
				};
			};
			buildConfigurationList = 1BEA4845265B9D9200AE742F /* Build configuration list for PBXProject "Cinema" */;
			compatibilityVersion = "Xcode 9.3";
			developmentRegion = en;
			hasScannedForEncodings = 0;
			knownRegions = (
				en,
				Base,
			);
			mainGroup = 1BEA4841265B9D9200AE742F;
			packageReferences = (
				1B6D585E265BCC38003EB11E /* XCRemoteSwiftPackageReference "VideoPlayer" */,
				52A5E1BF2741369F0058241A /* XCRemoteSwiftPackageReference "realm-cocoa" */,
			);
			productRefGroup = 1BEA484B265B9D9200AE742F /* Products */;
			projectDirPath = "";
			projectRoot = "";
			targets = (
				1BEA4849265B9D9200AE742F /* Cinema */,
			);
		};
/* End PBXProject section */

/* Begin PBXResourcesBuildPhase section */
		1BEA4848265B9D9200AE742F /* Resources */ = {
			isa = PBXResourcesBuildPhase;
			buildActionMask = 2147483647;
			files = (
				1BEA4861265B9DFF00AE742F /* Launch Screen.storyboard in Resources */,
				1BEA4879265BA7B100AE742F /* Assets.xcassets in Resources */,
				1BEA4855265B9D9300AE742F /* Preview Assets.xcassets in Resources */,
			);
			runOnlyForDeploymentPostprocessing = 0;
		};
/* End PBXResourcesBuildPhase section */

/* Begin PBXShellScriptBuildPhase section */
		012237A931787E7E425F2EE2 /* [CP] Embed Pods Frameworks */ = {
			isa = PBXShellScriptBuildPhase;
			buildActionMask = 2147483647;
			files = (
			);
			inputFileListPaths = (
				"${PODS_ROOT}/Target Support Files/Pods-Cinema/Pods-Cinema-frameworks-${CONFIGURATION}-input-files.xcfilelist",
			);
			name = "[CP] Embed Pods Frameworks";
			outputFileListPaths = (
				"${PODS_ROOT}/Target Support Files/Pods-Cinema/Pods-Cinema-frameworks-${CONFIGURATION}-output-files.xcfilelist",
			);
			runOnlyForDeploymentPostprocessing = 0;
			shellPath = /bin/sh;
			shellScript = "\"${PODS_ROOT}/Target Support Files/Pods-Cinema/Pods-Cinema-frameworks.sh\"\n";
			showEnvVarsInLog = 0;
		};
		778268602FE68F3250A543EC /* [CP] Check Pods Manifest.lock */ = {
			isa = PBXShellScriptBuildPhase;
			buildActionMask = 2147483647;
			files = (
			);
			inputFileListPaths = (
			);
			inputPaths = (
				"${PODS_PODFILE_DIR_PATH}/Podfile.lock",
				"${PODS_ROOT}/Manifest.lock",
			);
			name = "[CP] Check Pods Manifest.lock";
			outputFileListPaths = (
			);
			outputPaths = (
				"$(DERIVED_FILE_DIR)/Pods-Cinema-checkManifestLockResult.txt",
			);
			runOnlyForDeploymentPostprocessing = 0;
			shellPath = /bin/sh;
			shellScript = "diff \"${PODS_PODFILE_DIR_PATH}/Podfile.lock\" \"${PODS_ROOT}/Manifest.lock\" > /dev/null\nif [ $? != 0 ] ; then\n    # print error to STDERR\n    echo \"error: The sandbox is not in sync with the Podfile.lock. Run 'pod install' or update your CocoaPods installation.\" >&2\n    exit 1\nfi\n# This output is used by Xcode 'outputs' to avoid re-running this script phase.\necho \"SUCCESS\" > \"${SCRIPT_OUTPUT_FILE_0}\"\n";
			showEnvVarsInLog = 0;
		};
/* End PBXShellScriptBuildPhase section */

/* Begin PBXSourcesBuildPhase section */
		1BEA4846265B9D9200AE742F /* Sources */ = {
			isa = PBXSourcesBuildPhase;
			buildActionMask = 2147483647;
			files = (
				52A5E1C5274136C80058241A /* СollectionView.swift in Sources */,
				1BDA7E32265BB4A3003A54AD /* MovieModel.swift in Sources */,
				52A5E1D72741488D0058241A /* ChangeAvatar.swift in Sources */,
				52A5E1CB27413E980058241A /* AddCollectionView.swift in Sources */,
				1B6D5866265BCE2C003EB11E /* Episodes.swift in Sources */,
				1BFD5450265BDA49003E6B91 /* CoverModel.swift in Sources */,
				1B6D5863265BCD42003EB11E /* EpisodesModel.swift in Sources */,
				1BEA486C265BA48D00AE742F /* SignUpView.swift in Sources */,
				1BFD5453265BDA72003E6B91 /* Cover.swift in Sources */,
				52A5E1D5274147B30058241A /* Gallery.swift in Sources */,
				1BEA4890265BA96000AE742F /* LoginViewModel.swift in Sources */,
				1BEA4866265B9F6E00AE742F /* SignInView.swift in Sources */,
				1BDA7E35265BB503003A54AD /* Movie.swift in Sources */,
				1BEA484E265B9D9200AE742F /* CinemaApp.swift in Sources */,
				52A5E1C7274137300058241A /* CollectionModel.swift in Sources */,
				52A5E1D32741457C0058241A /* ProfileModel.swift in Sources */,
				1BDA7E29265BADAA003A54AD /* UserModel.swift in Sources */,
				52A5E1CD27413EC40058241A /* AddImageView.swift in Sources */,
				1BDA7E38265BB61F003A54AD /* MainView.swift in Sources */,
				52A5E1D1274145490058241A /* Profile.swift in Sources */,
				52A5E1CF274145160058241A /* ProfileView.swift in Sources */,
				1BEA4869265BA41D00AE742F /* RootView.swift in Sources */,
				52A5E1C927413AE80058241A /* CustomTextFields.swift in Sources */,
				1BDA7E2F265BAEBD003A54AD /* Register.swift in Sources */,
				1BDA7E3B265BB9A9003A54AD /* TabBarView.swift in Sources */,
				A53B57B1265C2004006FACF1 /* CurrentMovie.swift in Sources */,
				1B66A576265BE429009BAF68 /* MovieScreenView.swift in Sources */,
			);
			runOnlyForDeploymentPostprocessing = 0;
		};
/* End PBXSourcesBuildPhase section */

/* Begin XCBuildConfiguration section */
		1BEA4857265B9D9300AE742F /* Debug */ = {
			isa = XCBuildConfiguration;
			buildSettings = {
				ALWAYS_SEARCH_USER_PATHS = NO;
				CLANG_ANALYZER_NONNULL = YES;
				CLANG_ANALYZER_NUMBER_OBJECT_CONVERSION = YES_AGGRESSIVE;
				CLANG_CXX_LANGUAGE_STANDARD = "gnu++14";
				CLANG_CXX_LIBRARY = "libc++";
				CLANG_ENABLE_MODULES = YES;
				CLANG_ENABLE_OBJC_ARC = YES;
				CLANG_ENABLE_OBJC_WEAK = YES;
				CLANG_WARN_BLOCK_CAPTURE_AUTORELEASING = YES;
				CLANG_WARN_BOOL_CONVERSION = YES;
				CLANG_WARN_COMMA = YES;
				CLANG_WARN_CONSTANT_CONVERSION = YES;
				CLANG_WARN_DEPRECATED_OBJC_IMPLEMENTATIONS = YES;
				CLANG_WARN_DIRECT_OBJC_ISA_USAGE = YES_ERROR;
				CLANG_WARN_DOCUMENTATION_COMMENTS = YES;
				CLANG_WARN_EMPTY_BODY = YES;
				CLANG_WARN_ENUM_CONVERSION = YES;
				CLANG_WARN_INFINITE_RECURSION = YES;
				CLANG_WARN_INT_CONVERSION = YES;
				CLANG_WARN_NON_LITERAL_NULL_CONVERSION = YES;
				CLANG_WARN_OBJC_IMPLICIT_RETAIN_SELF = YES;
				CLANG_WARN_OBJC_LITERAL_CONVERSION = YES;
				CLANG_WARN_OBJC_ROOT_CLASS = YES_ERROR;
				CLANG_WARN_QUOTED_INCLUDE_IN_FRAMEWORK_HEADER = YES;
				CLANG_WARN_RANGE_LOOP_ANALYSIS = YES;
				CLANG_WARN_STRICT_PROTOTYPES = YES;
				CLANG_WARN_SUSPICIOUS_MOVE = YES;
				CLANG_WARN_UNGUARDED_AVAILABILITY = YES_AGGRESSIVE;
				CLANG_WARN_UNREACHABLE_CODE = YES;
				CLANG_WARN__DUPLICATE_METHOD_MATCH = YES;
				COPY_PHASE_STRIP = NO;
				DEBUG_INFORMATION_FORMAT = dwarf;
				ENABLE_STRICT_OBJC_MSGSEND = YES;
				ENABLE_TESTABILITY = YES;
				GCC_C_LANGUAGE_STANDARD = gnu11;
				GCC_DYNAMIC_NO_PIC = NO;
				GCC_NO_COMMON_BLOCKS = YES;
				GCC_OPTIMIZATION_LEVEL = 0;
				GCC_PREPROCESSOR_DEFINITIONS = (
					"DEBUG=1",
					"$(inherited)",
				);
				GCC_WARN_64_TO_32_BIT_CONVERSION = YES;
				GCC_WARN_ABOUT_RETURN_TYPE = YES_ERROR;
				GCC_WARN_UNDECLARED_SELECTOR = YES;
				GCC_WARN_UNINITIALIZED_AUTOS = YES_AGGRESSIVE;
				GCC_WARN_UNUSED_FUNCTION = YES;
				GCC_WARN_UNUSED_VARIABLE = YES;
				IPHONEOS_DEPLOYMENT_TARGET = 14.4;
				MTL_ENABLE_DEBUG_INFO = INCLUDE_SOURCE;
				MTL_FAST_MATH = YES;
				ONLY_ACTIVE_ARCH = YES;
				SDKROOT = iphoneos;
				SWIFT_ACTIVE_COMPILATION_CONDITIONS = DEBUG;
				SWIFT_OPTIMIZATION_LEVEL = "-Onone";
			};
			name = Debug;
		};
		1BEA4858265B9D9300AE742F /* Release */ = {
			isa = XCBuildConfiguration;
			buildSettings = {
				ALWAYS_SEARCH_USER_PATHS = NO;
				CLANG_ANALYZER_NONNULL = YES;
				CLANG_ANALYZER_NUMBER_OBJECT_CONVERSION = YES_AGGRESSIVE;
				CLANG_CXX_LANGUAGE_STANDARD = "gnu++14";
				CLANG_CXX_LIBRARY = "libc++";
				CLANG_ENABLE_MODULES = YES;
				CLANG_ENABLE_OBJC_ARC = YES;
				CLANG_ENABLE_OBJC_WEAK = YES;
				CLANG_WARN_BLOCK_CAPTURE_AUTORELEASING = YES;
				CLANG_WARN_BOOL_CONVERSION = YES;
				CLANG_WARN_COMMA = YES;
				CLANG_WARN_CONSTANT_CONVERSION = YES;
				CLANG_WARN_DEPRECATED_OBJC_IMPLEMENTATIONS = YES;
				CLANG_WARN_DIRECT_OBJC_ISA_USAGE = YES_ERROR;
				CLANG_WARN_DOCUMENTATION_COMMENTS = YES;
				CLANG_WARN_EMPTY_BODY = YES;
				CLANG_WARN_ENUM_CONVERSION = YES;
				CLANG_WARN_INFINITE_RECURSION = YES;
				CLANG_WARN_INT_CONVERSION = YES;
				CLANG_WARN_NON_LITERAL_NULL_CONVERSION = YES;
				CLANG_WARN_OBJC_IMPLICIT_RETAIN_SELF = YES;
				CLANG_WARN_OBJC_LITERAL_CONVERSION = YES;
				CLANG_WARN_OBJC_ROOT_CLASS = YES_ERROR;
				CLANG_WARN_QUOTED_INCLUDE_IN_FRAMEWORK_HEADER = YES;
				CLANG_WARN_RANGE_LOOP_ANALYSIS = YES;
				CLANG_WARN_STRICT_PROTOTYPES = YES;
				CLANG_WARN_SUSPICIOUS_MOVE = YES;
				CLANG_WARN_UNGUARDED_AVAILABILITY = YES_AGGRESSIVE;
				CLANG_WARN_UNREACHABLE_CODE = YES;
				CLANG_WARN__DUPLICATE_METHOD_MATCH = YES;
				COPY_PHASE_STRIP = NO;
				DEBUG_INFORMATION_FORMAT = "dwarf-with-dsym";
				ENABLE_NS_ASSERTIONS = NO;
				ENABLE_STRICT_OBJC_MSGSEND = YES;
				GCC_C_LANGUAGE_STANDARD = gnu11;
				GCC_NO_COMMON_BLOCKS = YES;
				GCC_WARN_64_TO_32_BIT_CONVERSION = YES;
				GCC_WARN_ABOUT_RETURN_TYPE = YES_ERROR;
				GCC_WARN_UNDECLARED_SELECTOR = YES;
				GCC_WARN_UNINITIALIZED_AUTOS = YES_AGGRESSIVE;
				GCC_WARN_UNUSED_FUNCTION = YES;
				GCC_WARN_UNUSED_VARIABLE = YES;
				IPHONEOS_DEPLOYMENT_TARGET = 14.4;
				MTL_ENABLE_DEBUG_INFO = NO;
				MTL_FAST_MATH = YES;
				SDKROOT = iphoneos;
				SWIFT_COMPILATION_MODE = wholemodule;
				SWIFT_OPTIMIZATION_LEVEL = "-O";
				VALIDATE_PRODUCT = YES;
			};
			name = Release;
		};
		1BEA485A265B9D9300AE742F /* Debug */ = {
			isa = XCBuildConfiguration;
			baseConfigurationReference = 7735A2AA04E3DFF35A9958BE /* Pods-Cinema.debug.xcconfig */;
			buildSettings = {
				ASSETCATALOG_COMPILER_APPICON_NAME = AppIcon;
				ASSETCATALOG_COMPILER_GLOBAL_ACCENT_COLOR_NAME = AccentColor;
				CODE_SIGN_STYLE = Automatic;
				DEVELOPMENT_ASSET_PATHS = "\"Cinema/Preview Content\"";
				ENABLE_PREVIEWS = YES;
				INFOPLIST_FILE = Cinema/Common/Info.plist;
				IPHONEOS_DEPLOYMENT_TARGET = 15.0;
				LD_RUNPATH_SEARCH_PATHS = (
					"$(inherited)",
					"@executable_path/Frameworks",
				);
				PRODUCT_BUNDLE_IDENTIFIER = kp11.Cinema;
				PRODUCT_NAME = "$(TARGET_NAME)";
				SWIFT_VERSION = 5.0;
				TARGETED_DEVICE_FAMILY = "1,2";
			};
			name = Debug;
		};
		1BEA485B265B9D9300AE742F /* Release */ = {
			isa = XCBuildConfiguration;
			baseConfigurationReference = 5AB728F954E3D27141A6D985 /* Pods-Cinema.release.xcconfig */;
			buildSettings = {
				ASSETCATALOG_COMPILER_APPICON_NAME = AppIcon;
				ASSETCATALOG_COMPILER_GLOBAL_ACCENT_COLOR_NAME = AccentColor;
				CODE_SIGN_STYLE = Automatic;
				DEVELOPMENT_ASSET_PATHS = "\"Cinema/Preview Content\"";
				ENABLE_PREVIEWS = YES;
				INFOPLIST_FILE = Cinema/Common/Info.plist;
				IPHONEOS_DEPLOYMENT_TARGET = 15.0;
				LD_RUNPATH_SEARCH_PATHS = (
					"$(inherited)",
					"@executable_path/Frameworks",
				);
				PRODUCT_BUNDLE_IDENTIFIER = kp11.Cinema;
				PRODUCT_NAME = "$(TARGET_NAME)";
				SWIFT_VERSION = 5.0;
				TARGETED_DEVICE_FAMILY = "1,2";
			};
			name = Release;
		};
/* End XCBuildConfiguration section */

/* Begin XCConfigurationList section */
		1BEA4845265B9D9200AE742F /* Build configuration list for PBXProject "Cinema" */ = {
			isa = XCConfigurationList;
			buildConfigurations = (
				1BEA4857265B9D9300AE742F /* Debug */,
				1BEA4858265B9D9300AE742F /* Release */,
			);
			defaultConfigurationIsVisible = 0;
			defaultConfigurationName = Release;
		};
		1BEA4859265B9D9300AE742F /* Build configuration list for PBXNativeTarget "Cinema" */ = {
			isa = XCConfigurationList;
			buildConfigurations = (
				1BEA485A265B9D9300AE742F /* Debug */,
				1BEA485B265B9D9300AE742F /* Release */,
			);
			defaultConfigurationIsVisible = 0;
			defaultConfigurationName = Release;
		};
/* End XCConfigurationList section */

/* Begin XCRemoteSwiftPackageReference section */
		1B6D585E265BCC38003EB11E /* XCRemoteSwiftPackageReference "VideoPlayer" */ = {
			isa = XCRemoteSwiftPackageReference;
			repositoryURL = "https://github.com/wxxsw/VideoPlayer";
			requirement = {
				kind = upToNextMajorVersion;
				minimumVersion = 1.2.3;
			};
		};
		52A5E1BF2741369F0058241A /* XCRemoteSwiftPackageReference "realm-cocoa" */ = {
			isa = XCRemoteSwiftPackageReference;
			repositoryURL = "https://github.com/realm/realm-cocoa.git";
			requirement = {
				branch = master;
				kind = branch;
			};
		};
/* End XCRemoteSwiftPackageReference section */

/* Begin XCSwiftPackageProductDependency section */
		1B6D585F265BCC38003EB11E /* VideoPlayer */ = {
			isa = XCSwiftPackageProductDependency;
			package = 1B6D585E265BCC38003EB11E /* XCRemoteSwiftPackageReference "VideoPlayer" */;
			productName = VideoPlayer;
		};
		52A5E1C02741369F0058241A /* Realm */ = {
			isa = XCSwiftPackageProductDependency;
			package = 52A5E1BF2741369F0058241A /* XCRemoteSwiftPackageReference "realm-cocoa" */;
			productName = Realm;
		};
		52A5E1C22741369F0058241A /* RealmSwift */ = {
			isa = XCSwiftPackageProductDependency;
			package = 52A5E1BF2741369F0058241A /* XCRemoteSwiftPackageReference "realm-cocoa" */;
			productName = RealmSwift;
		};
/* End XCSwiftPackageProductDependency section */
	};
	rootObject = 1BEA4842265B9D9200AE742F /* Project object */;
}
